{
    "_readme": [
        "This file locks the dependencies of your project to a known state",
        "Read more about it at https://getcomposer.org/doc/01-basic-usage.md#installing-dependencies",
        "This file is @generated automatically"
    ],
    "content-hash": "cbbf9c8f160a8cff2a419a8aac812df1",
    "packages": [
        {
            "name": "jacknoordhuis/threaded-class-loader",
            "version": "dev-master",
            "source": {
                "type": "git",
                "url": "https://github.com/JackNoordhuis/threaded-class-loader.git",
                "reference": "80959abdee911b72b35dc805b7694a584629f240"
            },
            "dist": {
                "type": "zip",
                "url": "https://api.github.com/repos/JackNoordhuis/threaded-class-loader/zipball/80959abdee911b72b35dc805b7694a584629f240",
                "reference": "80959abdee911b72b35dc805b7694a584629f240",
                "shasum": ""
            },
            "require": {
                "ext-pthreads": "*",
                "php": ">=7.1"
            },
            "type": "library",
            "autoload": {
                "psr-4": {
                    "jacknoordhuis\\Autoload\\": "src"
                }
            },
            "notification-url": "https://packagist.org/downloads/",
            "license": [
                "LGPL-3.0"
            ],
            "authors": [
                {
                    "name": "Jack Noordhuis",
                    "email": "me@jacknoordhuis.net"
                }
            ],
            "description": "A thread safe implementation of a PSR-0, PSR-4 and classmap class loader for use with the pthreads extension.",
            "time": "2018-11-13T13:27:28+00:00"
        },
        {
            "name": "pocketmine/spl",
            "version": "0.3.2",
            "source": {
                "type": "git",
                "url": "https://github.com/pmmp/SPL.git",
                "reference": "7fd53857cd000491ba69e8db865792a024dd2c49"
            },
            "dist": {
                "type": "zip",
                "url": "https://api.github.com/repos/pmmp/SPL/zipball/7fd53857cd000491ba69e8db865792a024dd2c49",
                "reference": "7fd53857cd000491ba69e8db865792a024dd2c49",
                "shasum": ""
            },
            "type": "library",
            "autoload": {
                "exclude-from-classmap": [
                    "stubs"
                ],
                "classmap": [
                    "./"
                ]
            },
            "license": [
                "LGPL-3.0"
            ],
            "description": "Standard library files required by PocketMine-MP and related projects",
            "support": {
                "source": "https://github.com/pmmp/SPL/tree/master"
            },
            "time": "2018-08-12T15:17:39+00:00"
        }
    ],
    "packages-dev": [],
    "aliases": [],
    "minimum-stability": "stable",
    "stability-flags": {
        "jacknoordhuis/threaded-class-loader": 20
    },
    "prefer-stable": false,
    "prefer-lowest": false,
    "platform": {
        "ext-pthreads": "*"
    },
    "platform-dev": []
}
